// !$*UTF8*$!
{
	archiveVersion = 1;
	classes = {
	};
	objectVersion = 50;
	objects = {

/* Begin PBXBuildFile section */
		F28029D026373E47009678F6 /* CurrentModel.xcdatamodeld in Sources */ = {isa = PBXBuildFile; fileRef = F28029CE26373E47009678F6 /* CurrentModel.xcdatamodeld */; };
		F28029D4263745A6009678F6 /* CurrentEntity+CoreDataClass.swift in Sources */ = {isa = PBXBuildFile; fileRef = F28029D2263745A6009678F6 /* CurrentEntity+CoreDataClass.swift */; };
		F28029D5263745A6009678F6 /* CurrentEntity+CoreDataProperties.swift in Sources */ = {isa = PBXBuildFile; fileRef = F28029D3263745A6009678F6 /* CurrentEntity+CoreDataProperties.swift */; };
		F28BFEDB2609866000B44F10 /* TodayTableViewCell.swift in Sources */ = {isa = PBXBuildFile; fileRef = F28BFEDA2609866000B44F10 /* TodayTableViewCell.swift */; };
		F28BFEDF260986A100B44F10 /* TodayViewModel.swift in Sources */ = {isa = PBXBuildFile; fileRef = F28BFEDE260986A100B44F10 /* TodayViewModel.swift */; };
		F2AA018B263906B300758C39 /* PastModel.xcdatamodeld in Sources */ = {isa = PBXBuildFile; fileRef = F2AA0189263906B300758C39 /* PastModel.xcdatamodeld */; };
		F2AA018F2639070000758C39 /* PastEntity+CoreDataClass.swift in Sources */ = {isa = PBXBuildFile; fileRef = F2AA018D2639070000758C39 /* PastEntity+CoreDataClass.swift */; };
		F2AA01902639070000758C39 /* PastEntity+CoreDataProperties.swift in Sources */ = {isa = PBXBuildFile; fileRef = F2AA018E2639070000758C39 /* PastEntity+CoreDataProperties.swift */; };
		F2AA01932639093800758C39 /* CoreDataStack.swift in Sources */ = {isa = PBXBuildFile; fileRef = F2AA01922639093800758C39 /* CoreDataStack.swift */; };
		F2AA019726390E8F00758C39 /* AppConstants.swift in Sources */ = {isa = PBXBuildFile; fileRef = F2AA019626390E8F00758C39 /* AppConstants.swift */; };
		F2C2DE01263FA85A003838ED /* WidgetKit.framework in Frameworks */ = {isa = PBXBuildFile; fileRef = F2C2DE00263FA85A003838ED /* WidgetKit.framework */; };
		F2C2DE03263FA85A003838ED /* SwiftUI.framework in Frameworks */ = {isa = PBXBuildFile; fileRef = F2C2DE02263FA85A003838ED /* SwiftUI.framework */; };
		F2C2DE06263FA85A003838ED /* PreviewWidget.swift in Sources */ = {isa = PBXBuildFile; fileRef = F2C2DE05263FA85A003838ED /* PreviewWidget.swift */; };
		F2C2DE09263FA85B003838ED /* Assets.xcassets in Resources */ = {isa = PBXBuildFile; fileRef = F2C2DE08263FA85B003838ED /* Assets.xcassets */; };
		F2C2DE0B263FA85B003838ED /* PreviewWidget.intentdefinition in Sources */ = {isa = PBXBuildFile; fileRef = F2C2DE07263FA85A003838ED /* PreviewWidget.intentdefinition */; };
		F2C2DE0C263FA85B003838ED /* PreviewWidget.intentdefinition in Sources */ = {isa = PBXBuildFile; fileRef = F2C2DE07263FA85A003838ED /* PreviewWidget.intentdefinition */; };
		F2C2DE0F263FA85B003838ED /* PreviewWidgetExtension.appex in Embed App Extensions */ = {isa = PBXBuildFile; fileRef = F2C2DDFE263FA85A003838ED /* PreviewWidgetExtension.appex */; settings = {ATTRIBUTES = (RemoveHeadersOnCopy, ); }; };
		F2C2DE15263FA995003838ED /* MissionModel.swift in Sources */ = {isa = PBXBuildFile; fileRef = F2CCABBF263707A60014F4AF /* MissionModel.swift */; };
		F2CCABC0263707A60014F4AF /* MissionModel.swift in Sources */ = {isa = PBXBuildFile; fileRef = F2CCABBF263707A60014F4AF /* MissionModel.swift */; };
		F2D3961E2608D30400747788 /* AppDelegate.swift in Sources */ = {isa = PBXBuildFile; fileRef = F2D3961D2608D30400747788 /* AppDelegate.swift */; };
		F2D396202608D30400747788 /* SceneDelegate.swift in Sources */ = {isa = PBXBuildFile; fileRef = F2D3961F2608D30400747788 /* SceneDelegate.swift */; };
		F2D396222608D30400747788 /* TodayViewController.swift in Sources */ = {isa = PBXBuildFile; fileRef = F2D396212608D30400747788 /* TodayViewController.swift */; };
		F2D396252608D30400747788 /* Main.storyboard in Resources */ = {isa = PBXBuildFile; fileRef = F2D396232608D30400747788 /* Main.storyboard */; };
		F2D396272608D30500747788 /* Assets.xcassets in Resources */ = {isa = PBXBuildFile; fileRef = F2D396262608D30500747788 /* Assets.xcassets */; };
		F2D3962A2608D30500747788 /* LaunchScreen.storyboard in Resources */ = {isa = PBXBuildFile; fileRef = F2D396282608D30500747788 /* LaunchScreen.storyboard */; };
/* End PBXBuildFile section */

/* Begin PBXContainerItemProxy section */
		F2C2DE0D263FA85B003838ED /* PBXContainerItemProxy */ = {
			isa = PBXContainerItemProxy;
			containerPortal = F2D396122608D30400747788 /* Project object */;
			proxyType = 1;
			remoteGlobalIDString = F2C2DDFD263FA85A003838ED;
			remoteInfo = PreviewWidgetExtension;
		};
/* End PBXContainerItemProxy section */

/* Begin PBXCopyFilesBuildPhase section */
		F2C2DE11263FA85B003838ED /* Embed App Extensions */ = {
			isa = PBXCopyFilesBuildPhase;
			buildActionMask = 2147483647;
			dstPath = "";
			dstSubfolderSpec = 13;
			files = (
				F2C2DE0F263FA85B003838ED /* PreviewWidgetExtension.appex in Embed App Extensions */,
			);
			name = "Embed App Extensions";
			runOnlyForDeploymentPostprocessing = 0;
		};
/* End PBXCopyFilesBuildPhase section */

/* Begin PBXFileReference section */
		F28029CF26373E47009678F6 /* CurrentModel.xcdatamodel */ = {isa = PBXFileReference; lastKnownFileType = wrapper.xcdatamodel; path = CurrentModel.xcdatamodel; sourceTree = "<group>"; };
		F28029D2263745A6009678F6 /* CurrentEntity+CoreDataClass.swift */ = {isa = PBXFileReference; lastKnownFileType = sourcecode.swift; path = "CurrentEntity+CoreDataClass.swift"; sourceTree = "<group>"; };
		F28029D3263745A6009678F6 /* CurrentEntity+CoreDataProperties.swift */ = {isa = PBXFileReference; lastKnownFileType = sourcecode.swift; path = "CurrentEntity+CoreDataProperties.swift"; sourceTree = "<group>"; };
		F28BFEDA2609866000B44F10 /* TodayTableViewCell.swift */ = {isa = PBXFileReference; lastKnownFileType = sourcecode.swift; path = TodayTableViewCell.swift; sourceTree = "<group>"; };
		F28BFEDE260986A100B44F10 /* TodayViewModel.swift */ = {isa = PBXFileReference; lastKnownFileType = sourcecode.swift; path = TodayViewModel.swift; sourceTree = "<group>"; };
		F2AA018A263906B300758C39 /* PastModel.xcdatamodel */ = {isa = PBXFileReference; lastKnownFileType = wrapper.xcdatamodel; path = PastModel.xcdatamodel; sourceTree = "<group>"; };
		F2AA018D2639070000758C39 /* PastEntity+CoreDataClass.swift */ = {isa = PBXFileReference; lastKnownFileType = sourcecode.swift; path = "PastEntity+CoreDataClass.swift"; sourceTree = SOURCE_ROOT; };
		F2AA018E2639070000758C39 /* PastEntity+CoreDataProperties.swift */ = {isa = PBXFileReference; lastKnownFileType = sourcecode.swift; path = "PastEntity+CoreDataProperties.swift"; sourceTree = SOURCE_ROOT; };
		F2AA01922639093800758C39 /* CoreDataStack.swift */ = {isa = PBXFileReference; lastKnownFileType = sourcecode.swift; path = CoreDataStack.swift; sourceTree = "<group>"; };
		F2AA019626390E8F00758C39 /* AppConstants.swift */ = {isa = PBXFileReference; lastKnownFileType = sourcecode.swift; path = AppConstants.swift; sourceTree = "<group>"; };
		F2C2DDFE263FA85A003838ED /* PreviewWidgetExtension.appex */ = {isa = PBXFileReference; explicitFileType = "wrapper.app-extension"; includeInIndex = 0; path = PreviewWidgetExtension.appex; sourceTree = BUILT_PRODUCTS_DIR; };
		F2C2DE00263FA85A003838ED /* WidgetKit.framework */ = {isa = PBXFileReference; lastKnownFileType = wrapper.framework; name = WidgetKit.framework; path = System/Library/Frameworks/WidgetKit.framework; sourceTree = SDKROOT; };
		F2C2DE02263FA85A003838ED /* SwiftUI.framework */ = {isa = PBXFileReference; lastKnownFileType = wrapper.framework; name = SwiftUI.framework; path = System/Library/Frameworks/SwiftUI.framework; sourceTree = SDKROOT; };
		F2C2DE05263FA85A003838ED /* PreviewWidget.swift */ = {isa = PBXFileReference; lastKnownFileType = sourcecode.swift; path = PreviewWidget.swift; sourceTree = "<group>"; };
		F2C2DE07263FA85A003838ED /* PreviewWidget.intentdefinition */ = {isa = PBXFileReference; lastKnownFileType = file.intentdefinition; path = PreviewWidget.intentdefinition; sourceTree = "<group>"; };
		F2C2DE08263FA85B003838ED /* Assets.xcassets */ = {isa = PBXFileReference; lastKnownFileType = folder.assetcatalog; path = Assets.xcassets; sourceTree = "<group>"; };
		F2C2DE0A263FA85B003838ED /* Info.plist */ = {isa = PBXFileReference; lastKnownFileType = text.plist.xml; path = Info.plist; sourceTree = "<group>"; };
		F2C2DE10263FA85B003838ED /* PreviewWidgetExtension.entitlements */ = {isa = PBXFileReference; lastKnownFileType = text.plist.entitlements; path = PreviewWidgetExtension.entitlements; sourceTree = "<group>"; };
		F2CCABBF263707A60014F4AF /* MissionModel.swift */ = {isa = PBXFileReference; lastKnownFileType = sourcecode.swift; path = MissionModel.swift; sourceTree = "<group>"; };
		F2D3961A2608D30400747788 /* Planner.app */ = {isa = PBXFileReference; explicitFileType = wrapper.application; includeInIndex = 0; path = Planner.app; sourceTree = BUILT_PRODUCTS_DIR; };
		F2D3961D2608D30400747788 /* AppDelegate.swift */ = {isa = PBXFileReference; lastKnownFileType = sourcecode.swift; path = AppDelegate.swift; sourceTree = "<group>"; };
		F2D3961F2608D30400747788 /* SceneDelegate.swift */ = {isa = PBXFileReference; lastKnownFileType = sourcecode.swift; path = SceneDelegate.swift; sourceTree = "<group>"; };
		F2D396212608D30400747788 /* TodayViewController.swift */ = {isa = PBXFileReference; lastKnownFileType = sourcecode.swift; path = TodayViewController.swift; sourceTree = "<group>"; };
		F2D396242608D30400747788 /* Base */ = {isa = PBXFileReference; lastKnownFileType = file.storyboard; name = Base; path = Base.lproj/Main.storyboard; sourceTree = "<group>"; };
		F2D396262608D30500747788 /* Assets.xcassets */ = {isa = PBXFileReference; lastKnownFileType = folder.assetcatalog; path = Assets.xcassets; sourceTree = "<group>"; };
		F2D396292608D30500747788 /* Base */ = {isa = PBXFileReference; lastKnownFileType = file.storyboard; name = Base; path = Base.lproj/LaunchScreen.storyboard; sourceTree = "<group>"; };
		F2D3962B2608D30500747788 /* Info.plist */ = {isa = PBXFileReference; lastKnownFileType = text.plist.xml; path = Info.plist; sourceTree = "<group>"; };
		F2D396322608D31C00747788 /* Planner.entitlements */ = {isa = PBXFileReference; lastKnownFileType = text.plist.entitlements; path = Planner.entitlements; sourceTree = "<group>"; };
/* End PBXFileReference section */

/* Begin PBXFrameworksBuildPhase section */
		F2C2DDFB263FA85A003838ED /* Frameworks */ = {
			isa = PBXFrameworksBuildPhase;
			buildActionMask = 2147483647;
			files = (
				F2C2DE03263FA85A003838ED /* SwiftUI.framework in Frameworks */,
				F2C2DE01263FA85A003838ED /* WidgetKit.framework in Frameworks */,
			);
			runOnlyForDeploymentPostprocessing = 0;
		};
		F2D396172608D30400747788 /* Frameworks */ = {
			isa = PBXFrameworksBuildPhase;
			buildActionMask = 2147483647;
			files = (
			);
			runOnlyForDeploymentPostprocessing = 0;
		};
/* End PBXFrameworksBuildPhase section */

/* Begin PBXGroup section */
		F213E81A260985AF00D11C46 /* Today */ = {
			isa = PBXGroup;
			children = (
				F2C7198A26099331007EFB2E /* Model */,
				F28BFED92609864900B44F10 /* Views */,
				F28BFED82609864400B44F10 /* ViewModel */,
				F28BFED72609863F00B44F10 /* Controller */,
			);
			path = Today;
			sourceTree = "<group>";
		};
		F28029DF2637569D009678F6 /* Support */ = {
			isa = PBXGroup;
			children = (
				F2D3961D2608D30400747788 /* AppDelegate.swift */,
				F2D3961F2608D30400747788 /* SceneDelegate.swift */,
			);
			path = Support;
			sourceTree = "<group>";
		};
		F28BFED72609863F00B44F10 /* Controller */ = {
			isa = PBXGroup;
			children = (
				F2D396212608D30400747788 /* TodayViewController.swift */,
			);
			path = Controller;
			sourceTree = "<group>";
		};
		F28BFED82609864400B44F10 /* ViewModel */ = {
			isa = PBXGroup;
			children = (
				F28BFEDE260986A100B44F10 /* TodayViewModel.swift */,
			);
			path = ViewModel;
			sourceTree = "<group>";
		};
		F28BFED92609864900B44F10 /* Views */ = {
			isa = PBXGroup;
			children = (
				F28BFEDA2609866000B44F10 /* TodayTableViewCell.swift */,
			);
			path = Views;
			sourceTree = "<group>";
		};
		F2AA019526390E8200758C39 /* Common */ = {
			isa = PBXGroup;
			children = (
				F2AA019626390E8F00758C39 /* AppConstants.swift */,
			);
			path = Common;
			sourceTree = "<group>";
		};
		F2C2DDFF263FA85A003838ED /* Frameworks */ = {
			isa = PBXGroup;
			children = (
				F2C2DE00263FA85A003838ED /* WidgetKit.framework */,
				F2C2DE02263FA85A003838ED /* SwiftUI.framework */,
			);
			name = Frameworks;
			sourceTree = "<group>";
		};
		F2C2DE04263FA85A003838ED /* PreviewWidget */ = {
			isa = PBXGroup;
			children = (
				F2C2DE05263FA85A003838ED /* PreviewWidget.swift */,
				F2C2DE07263FA85A003838ED /* PreviewWidget.intentdefinition */,
				F2C2DE08263FA85B003838ED /* Assets.xcassets */,
				F2C2DE0A263FA85B003838ED /* Info.plist */,
			);
			path = PreviewWidget;
			sourceTree = "<group>";
		};
		F2C7198A26099331007EFB2E /* Model */ = {
			isa = PBXGroup;
			children = (
				F2AA018D2639070000758C39 /* PastEntity+CoreDataClass.swift */,
				F2AA018E2639070000758C39 /* PastEntity+CoreDataProperties.swift */,
				F28029D2263745A6009678F6 /* CurrentEntity+CoreDataClass.swift */,
				F28029D3263745A6009678F6 /* CurrentEntity+CoreDataProperties.swift */,
				F2CCABBF263707A60014F4AF /* MissionModel.swift */,
				F28029CE26373E47009678F6 /* CurrentModel.xcdatamodeld */,
				F2AA0189263906B300758C39 /* PastModel.xcdatamodeld */,
				F2AA01922639093800758C39 /* CoreDataStack.swift */,
			);
			path = Model;
			sourceTree = "<group>";
		};
		F2D396112608D30400747788 = {
			isa = PBXGroup;
			children = (
				F2C2DE10263FA85B003838ED /* PreviewWidgetExtension.entitlements */,
				F2D3961C2608D30400747788 /* Planner */,
				F2C2DE04263FA85A003838ED /* PreviewWidget */,
				F2C2DDFF263FA85A003838ED /* Frameworks */,
				F2D3961B2608D30400747788 /* Products */,
			);
			sourceTree = "<group>";
		};
		F2D3961B2608D30400747788 /* Products */ = {
			isa = PBXGroup;
			children = (
				F2D3961A2608D30400747788 /* Planner.app */,
				F2C2DDFE263FA85A003838ED /* PreviewWidgetExtension.appex */,
			);
			name = Products;
			sourceTree = "<group>";
		};
		F2D3961C2608D30400747788 /* Planner */ = {
			isa = PBXGroup;
			children = (
				F2AA019526390E8200758C39 /* Common */,
				F213E81A260985AF00D11C46 /* Today */,
				F28029DF2637569D009678F6 /* Support */,
				F2D396322608D31C00747788 /* Planner.entitlements */,
				F2D396232608D30400747788 /* Main.storyboard */,
				F2D396262608D30500747788 /* Assets.xcassets */,
				F2D396282608D30500747788 /* LaunchScreen.storyboard */,
				F2D3962B2608D30500747788 /* Info.plist */,
			);
			path = Planner;
			sourceTree = "<group>";
		};
/* End PBXGroup section */

/* Begin PBXNativeTarget section */
		F2C2DDFD263FA85A003838ED /* PreviewWidgetExtension */ = {
			isa = PBXNativeTarget;
			buildConfigurationList = F2C2DE14263FA85B003838ED /* Build configuration list for PBXNativeTarget "PreviewWidgetExtension" */;
			buildPhases = (
				F2C2DDFA263FA85A003838ED /* Sources */,
				F2C2DDFB263FA85A003838ED /* Frameworks */,
				F2C2DDFC263FA85A003838ED /* Resources */,
			);
			buildRules = (
			);
			dependencies = (
			);
			name = PreviewWidgetExtension;
			productName = PreviewWidgetExtension;
			productReference = F2C2DDFE263FA85A003838ED /* PreviewWidgetExtension.appex */;
			productType = "com.apple.product-type.app-extension";
		};
		F2D396192608D30400747788 /* Planner */ = {
			isa = PBXNativeTarget;
			buildConfigurationList = F2D3962E2608D30500747788 /* Build configuration list for PBXNativeTarget "Planner" */;
			buildPhases = (
				F2D396162608D30400747788 /* Sources */,
				F2D396172608D30400747788 /* Frameworks */,
				F2D396182608D30400747788 /* Resources */,
				F2C2DE11263FA85B003838ED /* Embed App Extensions */,
			);
			buildRules = (
			);
			dependencies = (
				F2C2DE0E263FA85B003838ED /* PBXTargetDependency */,
			);
			name = Planner;
			productName = Planner;
			productReference = F2D3961A2608D30400747788 /* Planner.app */;
			productType = "com.apple.product-type.application";
		};
/* End PBXNativeTarget section */

/* Begin PBXProject section */
		F2D396122608D30400747788 /* Project object */ = {
			isa = PBXProject;
			attributes = {
				LastSwiftUpdateCheck = 1250;
				LastUpgradeCheck = 1240;
				TargetAttributes = {
					F2C2DDFD263FA85A003838ED = {
						CreatedOnToolsVersion = 12.5;
					};
					F2D396192608D30400747788 = {
						CreatedOnToolsVersion = 12.4;
					};
				};
			};
			buildConfigurationList = F2D396152608D30400747788 /* Build configuration list for PBXProject "Planner" */;
			compatibilityVersion = "Xcode 9.3";
			developmentRegion = en;
			hasScannedForEncodings = 0;
			knownRegions = (
				en,
				Base,
			);
			mainGroup = F2D396112608D30400747788;
			productRefGroup = F2D3961B2608D30400747788 /* Products */;
			projectDirPath = "";
			projectRoot = "";
			targets = (
				F2D396192608D30400747788 /* Planner */,
				F2C2DDFD263FA85A003838ED /* PreviewWidgetExtension */,
			);
		};
/* End PBXProject section */

/* Begin PBXResourcesBuildPhase section */
		F2C2DDFC263FA85A003838ED /* Resources */ = {
			isa = PBXResourcesBuildPhase;
			buildActionMask = 2147483647;
			files = (
				F2C2DE09263FA85B003838ED /* Assets.xcassets in Resources */,
			);
			runOnlyForDeploymentPostprocessing = 0;
		};
		F2D396182608D30400747788 /* Resources */ = {
			isa = PBXResourcesBuildPhase;
			buildActionMask = 2147483647;
			files = (
				F2D3962A2608D30500747788 /* LaunchScreen.storyboard in Resources */,
				F2D396272608D30500747788 /* Assets.xcassets in Resources */,
				F2D396252608D30400747788 /* Main.storyboard in Resources */,
			);
			runOnlyForDeploymentPostprocessing = 0;
		};
/* End PBXResourcesBuildPhase section */

/* Begin PBXSourcesBuildPhase section */
		F2C2DDFA263FA85A003838ED /* Sources */ = {
			isa = PBXSourcesBuildPhase;
			buildActionMask = 2147483647;
			files = (
				F2C2DE06263FA85A003838ED /* PreviewWidget.swift in Sources */,
				F2C2DE0B263FA85B003838ED /* PreviewWidget.intentdefinition in Sources */,
				F2C2DE15263FA995003838ED /* MissionModel.swift in Sources */,
			);
			runOnlyForDeploymentPostprocessing = 0;
		};
		F2D396162608D30400747788 /* Sources */ = {
			isa = PBXSourcesBuildPhase;
			buildActionMask = 2147483647;
			files = (
				F28029D4263745A6009678F6 /* CurrentEntity+CoreDataClass.swift in Sources */,
				F28029D026373E47009678F6 /* CurrentModel.xcdatamodeld in Sources */,
				F2D396222608D30400747788 /* TodayViewController.swift in Sources */,
				F2D3961E2608D30400747788 /* AppDelegate.swift in Sources */,
				F28029D5263745A6009678F6 /* CurrentEntity+CoreDataProperties.swift in Sources */,
				F2AA018B263906B300758C39 /* PastModel.xcdatamodeld in Sources */,
				F2AA01932639093800758C39 /* CoreDataStack.swift in Sources */,
				F2AA01902639070000758C39 /* PastEntity+CoreDataProperties.swift in Sources */,
				F2CCABC0263707A60014F4AF /* MissionModel.swift in Sources */,
				F2AA018F2639070000758C39 /* PastEntity+CoreDataClass.swift in Sources */,
				F28BFEDF260986A100B44F10 /* TodayViewModel.swift in Sources */,
				F2AA019726390E8F00758C39 /* AppConstants.swift in Sources */,
				F2D396202608D30400747788 /* SceneDelegate.swift in Sources */,
				F2C2DE0C263FA85B003838ED /* PreviewWidget.intentdefinition in Sources */,
				F28BFEDB2609866000B44F10 /* TodayTableViewCell.swift in Sources */,
			);
			runOnlyForDeploymentPostprocessing = 0;
		};
/* End PBXSourcesBuildPhase section */

/* Begin PBXTargetDependency section */
		F2C2DE0E263FA85B003838ED /* PBXTargetDependency */ = {
			isa = PBXTargetDependency;
			target = F2C2DDFD263FA85A003838ED /* PreviewWidgetExtension */;
			targetProxy = F2C2DE0D263FA85B003838ED /* PBXContainerItemProxy */;
		};
/* End PBXTargetDependency section */

/* Begin PBXVariantGroup section */
		F2D396232608D30400747788 /* Main.storyboard */ = {
			isa = PBXVariantGroup;
			children = (
				F2D396242608D30400747788 /* Base */,
			);
			name = Main.storyboard;
			sourceTree = "<group>";
		};
		F2D396282608D30500747788 /* LaunchScreen.storyboard */ = {
			isa = PBXVariantGroup;
			children = (
				F2D396292608D30500747788 /* Base */,
			);
			name = LaunchScreen.storyboard;
			sourceTree = "<group>";
		};
/* End PBXVariantGroup section */

/* Begin XCBuildConfiguration section */
		F2C2DE12263FA85B003838ED /* Debug */ = {
			isa = XCBuildConfiguration;
			buildSettings = {
				ASSETCATALOG_COMPILER_GLOBAL_ACCENT_COLOR_NAME = AccentColor;
				ASSETCATALOG_COMPILER_WIDGET_BACKGROUND_COLOR_NAME = WidgetBackground;
				CODE_SIGN_ENTITLEMENTS = PreviewWidgetExtension.entitlements;
				CODE_SIGN_STYLE = Automatic;
				DEVELOPMENT_TEAM = 7GVZPRCFHJ;
				INFOPLIST_FILE = PreviewWidget/Info.plist;
				IPHONEOS_DEPLOYMENT_TARGET = 14.5;
				LD_RUNPATH_SEARCH_PATHS = (
					"$(inherited)",
					"@executable_path/Frameworks",
					"@executable_path/../../Frameworks",
				);
				PRODUCT_BUNDLE_IDENTIFIER = "John-Li.Planner.PreviewWidget";
				PRODUCT_NAME = "$(TARGET_NAME)";
				SKIP_INSTALL = YES;
				SUPPORTS_MACCATALYST = YES;
				SWIFT_VERSION = 5.0;
				TARGETED_DEVICE_FAMILY = "1,2";
			};
			name = Debug;
		};
		F2C2DE13263FA85B003838ED /* Release */ = {
			isa = XCBuildConfiguration;
			buildSettings = {
				ASSETCATALOG_COMPILER_GLOBAL_ACCENT_COLOR_NAME = AccentColor;
				ASSETCATALOG_COMPILER_WIDGET_BACKGROUND_COLOR_NAME = WidgetBackground;
				CODE_SIGN_ENTITLEMENTS = PreviewWidgetExtension.entitlements;
				CODE_SIGN_STYLE = Automatic;
				DEVELOPMENT_TEAM = 7GVZPRCFHJ;
				INFOPLIST_FILE = PreviewWidget/Info.plist;
				IPHONEOS_DEPLOYMENT_TARGET = 14.5;
				LD_RUNPATH_SEARCH_PATHS = (
					"$(inherited)",
					"@executable_path/Frameworks",
					"@executable_path/../../Frameworks",
				);
				PRODUCT_BUNDLE_IDENTIFIER = "John-Li.Planner.PreviewWidget";
				PRODUCT_NAME = "$(TARGET_NAME)";
				SKIP_INSTALL = YES;
				SUPPORTS_MACCATALYST = YES;
				SWIFT_VERSION = 5.0;
				TARGETED_DEVICE_FAMILY = "1,2";
			};
			name = Release;
		};
		F2D3962C2608D30500747788 /* Debug */ = {
			isa = XCBuildConfiguration;
			buildSettings = {
				ALWAYS_SEARCH_USER_PATHS = NO;
				CLANG_ANALYZER_NONNULL = YES;
				CLANG_ANALYZER_NUMBER_OBJECT_CONVERSION = YES_AGGRESSIVE;
				CLANG_CXX_LANGUAGE_STANDARD = "gnu++14";
				CLANG_CXX_LIBRARY = "libc++";
				CLANG_ENABLE_MODULES = YES;
				CLANG_ENABLE_OBJC_ARC = YES;
				CLANG_ENABLE_OBJC_WEAK = YES;
				CLANG_WARN_BLOCK_CAPTURE_AUTORELEASING = YES;
				CLANG_WARN_BOOL_CONVERSION = YES;
				CLANG_WARN_COMMA = YES;
				CLANG_WARN_CONSTANT_CONVERSION = YES;
				CLANG_WARN_DEPRECATED_OBJC_IMPLEMENTATIONS = YES;
				CLANG_WARN_DIRECT_OBJC_ISA_USAGE = YES_ERROR;
				CLANG_WARN_DOCUMENTATION_COMMENTS = YES;
				CLANG_WARN_EMPTY_BODY = YES;
				CLANG_WARN_ENUM_CONVERSION = YES;
				CLANG_WARN_INFINITE_RECURSION = YES;
				CLANG_WARN_INT_CONVERSION = YES;
				CLANG_WARN_NON_LITERAL_NULL_CONVERSION = YES;
				CLANG_WARN_OBJC_IMPLICIT_RETAIN_SELF = YES;
				CLANG_WARN_OBJC_LITERAL_CONVERSION = YES;
				CLANG_WARN_OBJC_ROOT_CLASS = YES_ERROR;
				CLANG_WARN_QUOTED_INCLUDE_IN_FRAMEWORK_HEADER = YES;
				CLANG_WARN_RANGE_LOOP_ANALYSIS = YES;
				CLANG_WARN_STRICT_PROTOTYPES = YES;
				CLANG_WARN_SUSPICIOUS_MOVE = YES;
				CLANG_WARN_UNGUARDED_AVAILABILITY = YES_AGGRESSIVE;
				CLANG_WARN_UNREACHABLE_CODE = YES;
				CLANG_WARN__DUPLICATE_METHOD_MATCH = YES;
				COPY_PHASE_STRIP = NO;
				DEBUG_INFORMATION_FORMAT = dwarf;
				ENABLE_STRICT_OBJC_MSGSEND = YES;
				ENABLE_TESTABILITY = YES;
				GCC_C_LANGUAGE_STANDARD = gnu11;
				GCC_DYNAMIC_NO_PIC = NO;
				GCC_NO_COMMON_BLOCKS = YES;
				GCC_OPTIMIZATION_LEVEL = 0;
				GCC_PREPROCESSOR_DEFINITIONS = (
					"DEBUG=1",
					"$(inherited)",
				);
				GCC_WARN_64_TO_32_BIT_CONVERSION = YES;
				GCC_WARN_ABOUT_RETURN_TYPE = YES_ERROR;
				GCC_WARN_UNDECLARED_SELECTOR = YES;
				GCC_WARN_UNINITIALIZED_AUTOS = YES_AGGRESSIVE;
				GCC_WARN_UNUSED_FUNCTION = YES;
				GCC_WARN_UNUSED_VARIABLE = YES;
				IPHONEOS_DEPLOYMENT_TARGET = 14.4;
				MTL_ENABLE_DEBUG_INFO = INCLUDE_SOURCE;
				MTL_FAST_MATH = YES;
				ONLY_ACTIVE_ARCH = YES;
				SDKROOT = iphoneos;
				SWIFT_ACTIVE_COMPILATION_CONDITIONS = DEBUG;
				SWIFT_OPTIMIZATION_LEVEL = "-Onone";
			};
			name = Debug;
		};
		F2D3962D2608D30500747788 /* Release */ = {
			isa = XCBuildConfiguration;
			buildSettings = {
				ALWAYS_SEARCH_USER_PATHS = NO;
				CLANG_ANALYZER_NONNULL = YES;
				CLANG_ANALYZER_NUMBER_OBJECT_CONVERSION = YES_AGGRESSIVE;
				CLANG_CXX_LANGUAGE_STANDARD = "gnu++14";
				CLANG_CXX_LIBRARY = "libc++";
				CLANG_ENABLE_MODULES = YES;
				CLANG_ENABLE_OBJC_ARC = YES;
				CLANG_ENABLE_OBJC_WEAK = YES;
				CLANG_WARN_BLOCK_CAPTURE_AUTORELEASING = YES;
				CLANG_WARN_BOOL_CONVERSION = YES;
				CLANG_WARN_COMMA = YES;
				CLANG_WARN_CONSTANT_CONVERSION = YES;
				CLANG_WARN_DEPRECATED_OBJC_IMPLEMENTATIONS = YES;
				CLANG_WARN_DIRECT_OBJC_ISA_USAGE = YES_ERROR;
				CLANG_WARN_DOCUMENTATION_COMMENTS = YES;
				CLANG_WARN_EMPTY_BODY = YES;
				CLANG_WARN_ENUM_CONVERSION = YES;
				CLANG_WARN_INFINITE_RECURSION = YES;
				CLANG_WARN_INT_CONVERSION = YES;
				CLANG_WARN_NON_LITERAL_NULL_CONVERSION = YES;
				CLANG_WARN_OBJC_IMPLICIT_RETAIN_SELF = YES;
				CLANG_WARN_OBJC_LITERAL_CONVERSION = YES;
				CLANG_WARN_OBJC_ROOT_CLASS = YES_ERROR;
				CLANG_WARN_QUOTED_INCLUDE_IN_FRAMEWORK_HEADER = YES;
				CLANG_WARN_RANGE_LOOP_ANALYSIS = YES;
				CLANG_WARN_STRICT_PROTOTYPES = YES;
				CLANG_WARN_SUSPICIOUS_MOVE = YES;
				CLANG_WARN_UNGUARDED_AVAILABILITY = YES_AGGRESSIVE;
				CLANG_WARN_UNREACHABLE_CODE = YES;
				CLANG_WARN__DUPLICATE_METHOD_MATCH = YES;
				COPY_PHASE_STRIP = NO;
				DEBUG_INFORMATION_FORMAT = "dwarf-with-dsym";
				ENABLE_NS_ASSERTIONS = NO;
				ENABLE_STRICT_OBJC_MSGSEND = YES;
				GCC_C_LANGUAGE_STANDARD = gnu11;
				GCC_NO_COMMON_BLOCKS = YES;
				GCC_WARN_64_TO_32_BIT_CONVERSION = YES;
				GCC_WARN_ABOUT_RETURN_TYPE = YES_ERROR;
				GCC_WARN_UNDECLARED_SELECTOR = YES;
				GCC_WARN_UNINITIALIZED_AUTOS = YES_AGGRESSIVE;
				GCC_WARN_UNUSED_FUNCTION = YES;
				GCC_WARN_UNUSED_VARIABLE = YES;
				IPHONEOS_DEPLOYMENT_TARGET = 14.4;
				MTL_ENABLE_DEBUG_INFO = NO;
				MTL_FAST_MATH = YES;
				SDKROOT = iphoneos;
				SWIFT_COMPILATION_MODE = wholemodule;
				SWIFT_OPTIMIZATION_LEVEL = "-O";
				VALIDATE_PRODUCT = YES;
			};
			name = Release;
		};
		F2D3962F2608D30500747788 /* Debug */ = {
			isa = XCBuildConfiguration;
			buildSettings = {
				ALWAYS_EMBED_SWIFT_STANDARD_LIBRARIES = YES;
				ASSETCATALOG_COMPILER_APPICON_NAME = AppIcon;
				ASSETCATALOG_COMPILER_GLOBAL_ACCENT_COLOR_NAME = AccentColor;
				CODE_SIGN_ENTITLEMENTS = Planner/Planner.entitlements;
				CODE_SIGN_STYLE = Automatic;
				CURRENT_PROJECT_VERSION = 1.4;
				DEVELOPMENT_TEAM = 7GVZPRCFHJ;
				"ENABLE_HARDENED_RUNTIME[sdk=macosx*]" = NO;
				INFOPLIST_FILE = Planner/Info.plist;
				LD_RUNPATH_SEARCH_PATHS = (
					"$(inherited)",
					"@executable_path/Frameworks",
				);
				MARKETING_VERSION = 1.1;
				PRODUCT_BUNDLE_IDENTIFIER = "John-Li.Planner";
				PRODUCT_NAME = "$(TARGET_NAME)";
				SUPPORTS_MACCATALYST = YES;
				SWIFT_VERSION = 5.0;
				TARGETED_DEVICE_FAMILY = "1,2,6";
			};
			name = Debug;
		};
		F2D396302608D30500747788 /* Release */ = {
			isa = XCBuildConfiguration;
			buildSettings = {
				ALWAYS_EMBED_SWIFT_STANDARD_LIBRARIES = YES;
				ASSETCATALOG_COMPILER_APPICON_NAME = AppIcon;
				ASSETCATALOG_COMPILER_GLOBAL_ACCENT_COLOR_NAME = AccentColor;
				CODE_SIGN_ENTITLEMENTS = Planner/Planner.entitlements;
				CODE_SIGN_STYLE = Automatic;
				CURRENT_PROJECT_VERSION = 1.4;
				DEVELOPMENT_TEAM = 7GVZPRCFHJ;
				"ENABLE_HARDENED_RUNTIME[sdk=macosx*]" = NO;
				INFOPLIST_FILE = Planner/Info.plist;
				LD_RUNPATH_SEARCH_PATHS = (
					"$(inherited)",
					"@executable_path/Frameworks",
				);
				MARKETING_VERSION = 1.1;
				PRODUCT_BUNDLE_IDENTIFIER = "John-Li.Planner";
				PRODUCT_NAME = "$(TARGET_NAME)";
				SUPPORTS_MACCATALYST = YES;
				SWIFT_VERSION = 5.0;
				TARGETED_DEVICE_FAMILY = "1,2,6";
			};
			name = Release;
		};
/* End XCBuildConfiguration section */

/* Begin XCConfigurationList section */
		F2C2DE14263FA85B003838ED /* Build configuration list for PBXNativeTarget "PreviewWidgetExtension" */ = {
			isa = XCConfigurationList;
			buildConfigurations = (
				F2C2DE12263FA85B003838ED /* Debug */,
				F2C2DE13263FA85B003838ED /* Release */,
			);
			defaultConfigurationIsVisible = 0;
			defaultConfigurationName = Release;
		};
		F2D396152608D30400747788 /* Build configuration list for PBXProject "Planner" */ = {
			isa = XCConfigurationList;
			buildConfigurations = (
				F2D3962C2608D30500747788 /* Debug */,
				F2D3962D2608D30500747788 /* Release */,
			);
			defaultConfigurationIsVisible = 0;
			defaultConfigurationName = Release;
		};
		F2D3962E2608D30500747788 /* Build configuration list for PBXNativeTarget "Planner" */ = {
			isa = XCConfigurationList;
			buildConfigurations = (
				F2D3962F2608D30500747788 /* Debug */,
				F2D396302608D30500747788 /* Release */,
			);
			defaultConfigurationIsVisible = 0;
			defaultConfigurationName = Release;
		};
/* End XCConfigurationList section */

/* Begin XCVersionGroup section */
		F28029CE26373E47009678F6 /* CurrentModel.xcdatamodeld */ = {
			isa = XCVersionGroup;
			children = (
				F28029CF26373E47009678F6 /* CurrentModel.xcdatamodel */,
			);
			currentVersion = F28029CF26373E47009678F6 /* CurrentModel.xcdatamodel */;
			path = CurrentModel.xcdatamodeld;
			sourceTree = "<group>";
			versionGroupType = wrapper.xcdatamodel;
		};
		F2AA0189263906B300758C39 /* PastModel.xcdatamodeld */ = {
			isa = XCVersionGroup;
			children = (
				F2AA018A263906B300758C39 /* PastModel.xcdatamodel */,
			);
			currentVersion = F2AA018A263906B300758C39 /* PastModel.xcdatamodel */;
			path = PastModel.xcdatamodeld;
			sourceTree = "<group>";
			versionGroupType = wrapper.xcdatamodel;
		};
/* End XCVersionGroup section */
	};
	rootObject = F2D396122608D30400747788 /* Project object */;
}
