// !$*UTF8*$!
{
	archiveVersion = 1;
	classes = {
	};
	objectVersion = 50;
	objects = {

/* Begin PBXBuildFile section */
		F28029D026373E47009678F6 /* CurrentModel.xcdatamodeld in Sources */ = {isa = PBXBuildFile; fileRef = F28029CE26373E47009678F6 /* CurrentModel.xcdatamodeld */; };
		F28029D4263745A6009678F6 /* CurrentEntity+CoreDataClass.swift in Sources */ = {isa = PBXBuildFile; fileRef = F28029D2263745A6009678F6 /* CurrentEntity+CoreDataClass.swift */; };
		F28029D5263745A6009678F6 /* CurrentEntity+CoreDataProperties.swift in Sources */ = {isa = PBXBuildFile; fileRef = F28029D3263745A6009678F6 /* CurrentEntity+CoreDataProperties.swift */; };
		F28BFEDB2609866000B44F10 /* TodayTableViewCell.swift in Sources */ = {isa = PBXBuildFile; fileRef = F28BFEDA2609866000B44F10 /* TodayTableViewCell.swift */; };
		F28BFEDF260986A100B44F10 /* TodayViewModel.swift in Sources */ = {isa = PBXBuildFile; fileRef = F28BFEDE260986A100B44F10 /* TodayViewModel.swift */; };
		F2CCABC0263707A60014F4AF /* MissionModel.swift in Sources */ = {isa = PBXBuildFile; fileRef = F2CCABBF263707A60014F4AF /* MissionModel.swift */; };
		F2D3961E2608D30400747788 /* AppDelegate.swift in Sources */ = {isa = PBXBuildFile; fileRef = F2D3961D2608D30400747788 /* AppDelegate.swift */; };
		F2D396202608D30400747788 /* SceneDelegate.swift in Sources */ = {isa = PBXBuildFile; fileRef = F2D3961F2608D30400747788 /* SceneDelegate.swift */; };
		F2D396222608D30400747788 /* TodayViewController.swift in Sources */ = {isa = PBXBuildFile; fileRef = F2D396212608D30400747788 /* TodayViewController.swift */; };
		F2D396252608D30400747788 /* Main.storyboard in Resources */ = {isa = PBXBuildFile; fileRef = F2D396232608D30400747788 /* Main.storyboard */; };
		F2D396272608D30500747788 /* Assets.xcassets in Resources */ = {isa = PBXBuildFile; fileRef = F2D396262608D30500747788 /* Assets.xcassets */; };
		F2D3962A2608D30500747788 /* LaunchScreen.storyboard in Resources */ = {isa = PBXBuildFile; fileRef = F2D396282608D30500747788 /* LaunchScreen.storyboard */; };
/* End PBXBuildFile section */

/* Begin PBXFileReference section */
		F28029CF26373E47009678F6 /* CurrentModel.xcdatamodel */ = {isa = PBXFileReference; lastKnownFileType = wrapper.xcdatamodel; path = CurrentModel.xcdatamodel; sourceTree = "<group>"; };
		F28029D2263745A6009678F6 /* CurrentEntity+CoreDataClass.swift */ = {isa = PBXFileReference; lastKnownFileType = sourcecode.swift; path = "CurrentEntity+CoreDataClass.swift"; sourceTree = "<group>"; };
		F28029D3263745A6009678F6 /* CurrentEntity+CoreDataProperties.swift */ = {isa = PBXFileReference; lastKnownFileType = sourcecode.swift; path = "CurrentEntity+CoreDataProperties.swift"; sourceTree = "<group>"; };
		F28BFEDA2609866000B44F10 /* TodayTableViewCell.swift */ = {isa = PBXFileReference; lastKnownFileType = sourcecode.swift; path = TodayTableViewCell.swift; sourceTree = "<group>"; };
		F28BFEDE260986A100B44F10 /* TodayViewModel.swift */ = {isa = PBXFileReference; lastKnownFileType = sourcecode.swift; path = TodayViewModel.swift; sourceTree = "<group>"; };
		F2CCABBF263707A60014F4AF /* MissionModel.swift */ = {isa = PBXFileReference; lastKnownFileType = sourcecode.swift; path = MissionModel.swift; sourceTree = "<group>"; };
		F2D3961A2608D30400747788 /* Planner.app */ = {isa = PBXFileReference; explicitFileType = wrapper.application; includeInIndex = 0; path = Planner.app; sourceTree = BUILT_PRODUCTS_DIR; };
		F2D3961D2608D30400747788 /* AppDelegate.swift */ = {isa = PBXFileReference; lastKnownFileType = sourcecode.swift; path = AppDelegate.swift; sourceTree = "<group>"; };
		F2D3961F2608D30400747788 /* SceneDelegate.swift */ = {isa = PBXFileReference; lastKnownFileType = sourcecode.swift; path = SceneDelegate.swift; sourceTree = "<group>"; };
		F2D396212608D30400747788 /* TodayViewController.swift */ = {isa = PBXFileReference; lastKnownFileType = sourcecode.swift; path = TodayViewController.swift; sourceTree = "<group>"; };
		F2D396242608D30400747788 /* Base */ = {isa = PBXFileReference; lastKnownFileType = file.storyboard; name = Base; path = Base.lproj/Main.storyboard; sourceTree = "<group>"; };
		F2D396262608D30500747788 /* Assets.xcassets */ = {isa = PBXFileReference; lastKnownFileType = folder.assetcatalog; path = Assets.xcassets; sourceTree = "<group>"; };
		F2D396292608D30500747788 /* Base */ = {isa = PBXFileReference; lastKnownFileType = file.storyboard; name = Base; path = Base.lproj/LaunchScreen.storyboard; sourceTree = "<group>"; };
		F2D3962B2608D30500747788 /* Info.plist */ = {isa = PBXFileReference; lastKnownFileType = text.plist.xml; path = Info.plist; sourceTree = "<group>"; };
		F2D396322608D31C00747788 /* Planner.entitlements */ = {isa = PBXFileReference; lastKnownFileType = text.plist.entitlements; path = Planner.entitlements; sourceTree = "<group>"; };
/* End PBXFileReference section */

/* Begin PBXFrameworksBuildPhase section */
		F2D396172608D30400747788 /* Frameworks */ = {
			isa = PBXFrameworksBuildPhase;
			buildActionMask = 2147483647;
			files = (
			);
			runOnlyForDeploymentPostprocessing = 0;
		};
/* End PBXFrameworksBuildPhase section */

/* Begin PBXGroup section */
		F213E81A260985AF00D11C46 /* Today */ = {
			isa = PBXGroup;
			children = (
				F2C7198A26099331007EFB2E /* Model */,
				F28BFED92609864900B44F10 /* Views */,
				F28BFED82609864400B44F10 /* ViewModel */,
				F28BFED72609863F00B44F10 /* Controller */,
			);
			path = Today;
			sourceTree = "<group>";
		};
		F213E81B260985B600D11C46 /* Tomorrow */ = {
			isa = PBXGroup;
			children = (
			);
			path = Tomorrow;
			sourceTree = "<group>";
		};
		F28029DF2637569D009678F6 /* Support */ = {
			isa = PBXGroup;
			children = (
				F2D3961D2608D30400747788 /* AppDelegate.swift */,
				F2D3961F2608D30400747788 /* SceneDelegate.swift */,
			);
			path = Support;
			sourceTree = "<group>";
		};
		F28029E0263756B3009678F6 /* Screens */ = {
			isa = PBXGroup;
			children = (
				F213E81B260985B600D11C46 /* Tomorrow */,
				F213E81A260985AF00D11C46 /* Today */,
			);
			path = Screens;
			sourceTree = "<group>";
		};
		F28BFED72609863F00B44F10 /* Controller */ = {
			isa = PBXGroup;
			children = (
				F2D396212608D30400747788 /* TodayViewController.swift */,
			);
			path = Controller;
			sourceTree = "<group>";
		};
		F28BFED82609864400B44F10 /* ViewModel */ = {
			isa = PBXGroup;
			children = (
				F28BFEDE260986A100B44F10 /* TodayViewModel.swift */,
			);
			path = ViewModel;
			sourceTree = "<group>";
		};
		F28BFED92609864900B44F10 /* Views */ = {
			isa = PBXGroup;
			children = (
				F28BFEDA2609866000B44F10 /* TodayTableViewCell.swift */,
			);
			path = Views;
			sourceTree = "<group>";
		};
		F2C7198A26099331007EFB2E /* Model */ = {
			isa = PBXGroup;
			children = (
				F28029D2263745A6009678F6 /* CurrentEntity+CoreDataClass.swift */,
				F28029D3263745A6009678F6 /* CurrentEntity+CoreDataProperties.swift */,
				F2CCABBF263707A60014F4AF /* MissionModel.swift */,
				F28029CE26373E47009678F6 /* CurrentModel.xcdatamodeld */,
			);
			path = Model;
			sourceTree = "<group>";
		};
		F2D396112608D30400747788 = {
			isa = PBXGroup;
			children = (
				F2D3961C2608D30400747788 /* Planner */,
				F2D3961B2608D30400747788 /* Products */,
			);
			sourceTree = "<group>";
		};
		F2D3961B2608D30400747788 /* Products */ = {
			isa = PBXGroup;
			children = (
				F2D3961A2608D30400747788 /* Planner.app */,
			);
			name = Products;
			sourceTree = "<group>";
		};
		F2D3961C2608D30400747788 /* Planner */ = {
			isa = PBXGroup;
			children = (
				F28029E0263756B3009678F6 /* Screens */,
				F28029DF2637569D009678F6 /* Support */,
				F2D396322608D31C00747788 /* Planner.entitlements */,
				F2D396232608D30400747788 /* Main.storyboard */,
				F2D396262608D30500747788 /* Assets.xcassets */,
				F2D396282608D30500747788 /* LaunchScreen.storyboard */,
				F2D3962B2608D30500747788 /* Info.plist */,
			);
			path = Planner;
			sourceTree = "<group>";
		};
/* End PBXGroup section */

/* Begin PBXNativeTarget section */
		F2D396192608D30400747788 /* Planner */ = {
			isa = PBXNativeTarget;
			buildConfigurationList = F2D3962E2608D30500747788 /* Build configuration list for PBXNativeTarget "Planner" */;
			buildPhases = (
				F2D396162608D30400747788 /* Sources */,
				F2D396172608D30400747788 /* Frameworks */,
				F2D396182608D30400747788 /* Resources */,
			);
			buildRules = (
			);
			dependencies = (
			);
			name = Planner;
			productName = Planner;
			productReference = F2D3961A2608D30400747788 /* Planner.app */;
			productType = "com.apple.product-type.application";
		};
/* End PBXNativeTarget section */

/* Begin PBXProject section */
		F2D396122608D30400747788 /* Project object */ = {
			isa = PBXProject;
			attributes = {
				LastSwiftUpdateCheck = 1240;
				LastUpgradeCheck = 1240;
				TargetAttributes = {
					F2D396192608D30400747788 = {
						CreatedOnToolsVersion = 12.4;
					};
				};
			};
			buildConfigurationList = F2D396152608D30400747788 /* Build configuration list for PBXProject "Planner" */;
			compatibilityVersion = "Xcode 9.3";
			developmentRegion = en;
			hasScannedForEncodings = 0;
			knownRegions = (
				en,
				Base,
			);
			mainGroup = F2D396112608D30400747788;
			productRefGroup = F2D3961B2608D30400747788 /* Products */;
			projectDirPath = "";
			projectRoot = "";
			targets = (
				F2D396192608D30400747788 /* Planner */,
			);
		};
/* End PBXProject section */

/* Begin PBXResourcesBuildPhase section */
		F2D396182608D30400747788 /* Resources */ = {
			isa = PBXResourcesBuildPhase;
			buildActionMask = 2147483647;
			files = (
				F2D3962A2608D30500747788 /* LaunchScreen.storyboard in Resources */,
				F2D396272608D30500747788 /* Assets.xcassets in Resources */,
				F2D396252608D30400747788 /* Main.storyboard in Resources */,
			);
			runOnlyForDeploymentPostprocessing = 0;
		};
/* End PBXResourcesBuildPhase section */

/* Begin PBXSourcesBuildPhase section */
		F2D396162608D30400747788 /* Sources */ = {
			isa = PBXSourcesBuildPhase;
			buildActionMask = 2147483647;
			files = (
				F28029D4263745A6009678F6 /* CurrentEntity+CoreDataClass.swift in Sources */,
				F28029D026373E47009678F6 /* CurrentModel.xcdatamodeld in Sources */,
				F2D396222608D30400747788 /* TodayViewController.swift in Sources */,
				F2D3961E2608D30400747788 /* AppDelegate.swift in Sources */,
				F28029D5263745A6009678F6 /* CurrentEntity+CoreDataProperties.swift in Sources */,
				F2CCABC0263707A60014F4AF /* MissionModel.swift in Sources */,
				F28BFEDF260986A100B44F10 /* TodayViewModel.swift in Sources */,
				F2D396202608D30400747788 /* SceneDelegate.swift in Sources */,
				F28BFEDB2609866000B44F10 /* TodayTableViewCell.swift in Sources */,
			);
			runOnlyForDeploymentPostprocessing = 0;
		};
/* End PBXSourcesBuildPhase section */

/* Begin PBXVariantGroup section */
		F2D396232608D30400747788 /* Main.storyboard */ = {
			isa = PBXVariantGroup;
			children = (
				F2D396242608D30400747788 /* Base */,
			);
			name = Main.storyboard;
			sourceTree = "<group>";
		};
		F2D396282608D30500747788 /* LaunchScreen.storyboard */ = {
			isa = PBXVariantGroup;
			children = (
				F2D396292608D30500747788 /* Base */,
			);
			name = LaunchScreen.storyboard;
			sourceTree = "<group>";
		};
/* End PBXVariantGroup section */

/* Begin XCBuildConfiguration section */
		F2D3962C2608D30500747788 /* Debug */ = {
			isa = XCBuildConfiguration;
			buildSettings = {
				ALWAYS_SEARCH_USER_PATHS = NO;
				CLANG_ANALYZER_NONNULL = YES;
				CLANG_ANALYZER_NUMBER_OBJECT_CONVERSION = YES_AGGRESSIVE;
				CLANG_CXX_LANGUAGE_STANDARD = "gnu++14";
				CLANG_CXX_LIBRARY = "libc++";
				CLANG_ENABLE_MODULES = YES;
				CLANG_ENABLE_OBJC_ARC = YES;
				CLANG_ENABLE_OBJC_WEAK = YES;
				CLANG_WARN_BLOCK_CAPTURE_AUTORELEASING = YES;
				CLANG_WARN_BOOL_CONVERSION = YES;
				CLANG_WARN_COMMA = YES;
				CLANG_WARN_CONSTANT_CONVERSION = YES;
				CLANG_WARN_DEPRECATED_OBJC_IMPLEMENTATIONS = YES;
				CLANG_WARN_DIRECT_OBJC_ISA_USAGE = YES_ERROR;
				CLANG_WARN_DOCUMENTATION_COMMENTS = YES;
				CLANG_WARN_EMPTY_BODY = YES;
				CLANG_WARN_ENUM_CONVERSION = YES;
				CLANG_WARN_INFINITE_RECURSION = YES;
				CLANG_WARN_INT_CONVERSION = YES;
				CLANG_WARN_NON_LITERAL_NULL_CONVERSION = YES;
				CLANG_WARN_OBJC_IMPLICIT_RETAIN_SELF = YES;
				CLANG_WARN_OBJC_LITERAL_CONVERSION = YES;
				CLANG_WARN_OBJC_ROOT_CLASS = YES_ERROR;
				CLANG_WARN_QUOTED_INCLUDE_IN_FRAMEWORK_HEADER = YES;
				CLANG_WARN_RANGE_LOOP_ANALYSIS = YES;
				CLANG_WARN_STRICT_PROTOTYPES = YES;
				CLANG_WARN_SUSPICIOUS_MOVE = YES;
				CLANG_WARN_UNGUARDED_AVAILABILITY = YES_AGGRESSIVE;
				CLANG_WARN_UNREACHABLE_CODE = YES;
				CLANG_WARN__DUPLICATE_METHOD_MATCH = YES;
				COPY_PHASE_STRIP = NO;
				DEBUG_INFORMATION_FORMAT = dwarf;
				ENABLE_STRICT_OBJC_MSGSEND = YES;
				ENABLE_TESTABILITY = YES;
				GCC_C_LANGUAGE_STANDARD = gnu11;
				GCC_DYNAMIC_NO_PIC = NO;
				GCC_NO_COMMON_BLOCKS = YES;
				GCC_OPTIMIZATION_LEVEL = 0;
				GCC_PREPROCESSOR_DEFINITIONS = (
					"DEBUG=1",
					"$(inherited)",
				);
				GCC_WARN_64_TO_32_BIT_CONVERSION = YES;
				GCC_WARN_ABOUT_RETURN_TYPE = YES_ERROR;
				GCC_WARN_UNDECLARED_SELECTOR = YES;
				GCC_WARN_UNINITIALIZED_AUTOS = YES_AGGRESSIVE;
				GCC_WARN_UNUSED_FUNCTION = YES;
				GCC_WARN_UNUSED_VARIABLE = YES;
				IPHONEOS_DEPLOYMENT_TARGET = 14.4;
				MTL_ENABLE_DEBUG_INFO = INCLUDE_SOURCE;
				MTL_FAST_MATH = YES;
				ONLY_ACTIVE_ARCH = YES;
				SDKROOT = iphoneos;
				SWIFT_ACTIVE_COMPILATION_CONDITIONS = DEBUG;
				SWIFT_OPTIMIZATION_LEVEL = "-Onone";
			};
			name = Debug;
		};
		F2D3962D2608D30500747788 /* Release */ = {
			isa = XCBuildConfiguration;
			buildSettings = {
				ALWAYS_SEARCH_USER_PATHS = NO;
				CLANG_ANALYZER_NONNULL = YES;
				CLANG_ANALYZER_NUMBER_OBJECT_CONVERSION = YES_AGGRESSIVE;
				CLANG_CXX_LANGUAGE_STANDARD = "gnu++14";
				CLANG_CXX_LIBRARY = "libc++";
				CLANG_ENABLE_MODULES = YES;
				CLANG_ENABLE_OBJC_ARC = YES;
				CLANG_ENABLE_OBJC_WEAK = YES;
				CLANG_WARN_BLOCK_CAPTURE_AUTORELEASING = YES;
				CLANG_WARN_BOOL_CONVERSION = YES;
				CLANG_WARN_COMMA = YES;
				CLANG_WARN_CONSTANT_CONVERSION = YES;
				CLANG_WARN_DEPRECATED_OBJC_IMPLEMENTATIONS = YES;
				CLANG_WARN_DIRECT_OBJC_ISA_USAGE = YES_ERROR;
				CLANG_WARN_DOCUMENTATION_COMMENTS = YES;
				CLANG_WARN_EMPTY_BODY = YES;
				CLANG_WARN_ENUM_CONVERSION = YES;
				CLANG_WARN_INFINITE_RECURSION = YES;
				CLANG_WARN_INT_CONVERSION = YES;
				CLANG_WARN_NON_LITERAL_NULL_CONVERSION = YES;
				CLANG_WARN_OBJC_IMPLICIT_RETAIN_SELF = YES;
				CLANG_WARN_OBJC_LITERAL_CONVERSION = YES;
				CLANG_WARN_OBJC_ROOT_CLASS = YES_ERROR;
				CLANG_WARN_QUOTED_INCLUDE_IN_FRAMEWORK_HEADER = YES;
				CLANG_WARN_RANGE_LOOP_ANALYSIS = YES;
				CLANG_WARN_STRICT_PROTOTYPES = YES;
				CLANG_WARN_SUSPICIOUS_MOVE = YES;
				CLANG_WARN_UNGUARDED_AVAILABILITY = YES_AGGRESSIVE;
				CLANG_WARN_UNREACHABLE_CODE = YES;
				CLANG_WARN__DUPLICATE_METHOD_MATCH = YES;
				COPY_PHASE_STRIP = NO;
				DEBUG_INFORMATION_FORMAT = "dwarf-with-dsym";
				ENABLE_NS_ASSERTIONS = NO;
				ENABLE_STRICT_OBJC_MSGSEND = YES;
				GCC_C_LANGUAGE_STANDARD = gnu11;
				GCC_NO_COMMON_BLOCKS = YES;
				GCC_WARN_64_TO_32_BIT_CONVERSION = YES;
				GCC_WARN_ABOUT_RETURN_TYPE = YES_ERROR;
				GCC_WARN_UNDECLARED_SELECTOR = YES;
				GCC_WARN_UNINITIALIZED_AUTOS = YES_AGGRESSIVE;
				GCC_WARN_UNUSED_FUNCTION = YES;
				GCC_WARN_UNUSED_VARIABLE = YES;
				IPHONEOS_DEPLOYMENT_TARGET = 14.4;
				MTL_ENABLE_DEBUG_INFO = NO;
				MTL_FAST_MATH = YES;
				SDKROOT = iphoneos;
				SWIFT_COMPILATION_MODE = wholemodule;
				SWIFT_OPTIMIZATION_LEVEL = "-O";
				VALIDATE_PRODUCT = YES;
			};
			name = Release;
		};
		F2D3962F2608D30500747788 /* Debug */ = {
			isa = XCBuildConfiguration;
			buildSettings = {
				ASSETCATALOG_COMPILER_APPICON_NAME = AppIcon;
				ASSETCATALOG_COMPILER_GLOBAL_ACCENT_COLOR_NAME = AccentColor;
				CODE_SIGN_ENTITLEMENTS = Planner/Planner.entitlements;
				CODE_SIGN_STYLE = Automatic;
				DEVELOPMENT_TEAM = 7GVZPRCFHJ;
				INFOPLIST_FILE = Planner/Info.plist;
				LD_RUNPATH_SEARCH_PATHS = (
					"$(inherited)",
					"@executable_path/Frameworks",
				);
				PRODUCT_BUNDLE_IDENTIFIER = "John-Li.Planner";
				PRODUCT_NAME = "$(TARGET_NAME)";
				SUPPORTS_MACCATALYST = YES;
				SWIFT_VERSION = 5.0;
				TARGETED_DEVICE_FAMILY = "1,2,6";
			};
			name = Debug;
		};
		F2D396302608D30500747788 /* Release */ = {
			isa = XCBuildConfiguration;
			buildSettings = {
				ASSETCATALOG_COMPILER_APPICON_NAME = AppIcon;
				ASSETCATALOG_COMPILER_GLOBAL_ACCENT_COLOR_NAME = AccentColor;
				CODE_SIGN_ENTITLEMENTS = Planner/Planner.entitlements;
				CODE_SIGN_STYLE = Automatic;
				DEVELOPMENT_TEAM = 7GVZPRCFHJ;
				INFOPLIST_FILE = Planner/Info.plist;
				LD_RUNPATH_SEARCH_PATHS = (
					"$(inherited)",
					"@executable_path/Frameworks",
				);
				PRODUCT_BUNDLE_IDENTIFIER = "John-Li.Planner";
				PRODUCT_NAME = "$(TARGET_NAME)";
				SUPPORTS_MACCATALYST = YES;
				SWIFT_VERSION = 5.0;
				TARGETED_DEVICE_FAMILY = "1,2,6";
			};
			name = Release;
		};
/* End XCBuildConfiguration section */

/* Begin XCConfigurationList section */
		F2D396152608D30400747788 /* Build configuration list for PBXProject "Planner" */ = {
			isa = XCConfigurationList;
			buildConfigurations = (
				F2D3962C2608D30500747788 /* Debug */,
				F2D3962D2608D30500747788 /* Release */,
			);
			defaultConfigurationIsVisible = 0;
			defaultConfigurationName = Release;
		};
		F2D3962E2608D30500747788 /* Build configuration list for PBXNativeTarget "Planner" */ = {
			isa = XCConfigurationList;
			buildConfigurations = (
				F2D3962F2608D30500747788 /* Debug */,
				F2D396302608D30500747788 /* Release */,
			);
			defaultConfigurationIsVisible = 0;
			defaultConfigurationName = Release;
		};
/* End XCConfigurationList section */

/* Begin XCVersionGroup section */
		F28029CE26373E47009678F6 /* CurrentModel.xcdatamodeld */ = {
			isa = XCVersionGroup;
			children = (
				F28029CF26373E47009678F6 /* CurrentModel.xcdatamodel */,
			);
			currentVersion = F28029CF26373E47009678F6 /* CurrentModel.xcdatamodel */;
			path = CurrentModel.xcdatamodeld;
			sourceTree = "<group>";
			versionGroupType = wrapper.xcdatamodel;
		};
/* End XCVersionGroup section */
	};
	rootObject = F2D396122608D30400747788 /* Project object */;
}
